// !$*UTF8*$!
{
	archiveVersion = 1;
	classes = {
	};
	objectVersion = 56;
	objects = {

/* Begin PBXBuildFile section */
		9324EDB12A991B3300338913 /* AppDelegate.swift in Sources */ = {isa = PBXBuildFile; fileRef = 9324EDB02A991B3300338913 /* AppDelegate.swift */; };
		9324EDB32A991B3300338913 /* SceneDelegate.swift in Sources */ = {isa = PBXBuildFile; fileRef = 9324EDB22A991B3300338913 /* SceneDelegate.swift */; };
		9324EDB52A991B3300338913 /* BaseViewController.swift in Sources */ = {isa = PBXBuildFile; fileRef = 9324EDB42A991B3300338913 /* BaseViewController.swift */; };
		9324EDBA2A991B3500338913 /* Assets.xcassets in Resources */ = {isa = PBXBuildFile; fileRef = 9324EDB92A991B3500338913 /* Assets.xcassets */; };
		9324EDBD2A991B3500338913 /* LaunchScreen.storyboard in Resources */ = {isa = PBXBuildFile; fileRef = 9324EDBB2A991B3500338913 /* LaunchScreen.storyboard */; };
		933C0E3B2A9A6FC200356B40 /* WarDataListViewController.xib in Resources */ = {isa = PBXBuildFile; fileRef = 933C0E3A2A9A6FC200356B40 /* WarDataListViewController.xib */; };
		933C0E3D2A9A704B00356B40 /* WarDataListViewController.swift in Sources */ = {isa = PBXBuildFile; fileRef = 933C0E3C2A9A704A00356B40 /* WarDataListViewController.swift */; };
		933C0E452A9A730300356B40 /* WarDataListTableViewCell.swift in Sources */ = {isa = PBXBuildFile; fileRef = 933C0E432A9A730300356B40 /* WarDataListTableViewCell.swift */; };
		933C0E462A9A730300356B40 /* WarDataListTableViewCell.xib in Resources */ = {isa = PBXBuildFile; fileRef = 933C0E442A9A730300356B40 /* WarDataListTableViewCell.xib */; };
		933C0E492A9A7A1400356B40 /* CustomNavigationBarView.swift in Sources */ = {isa = PBXBuildFile; fileRef = 933C0E482A9A7A1400356B40 /* CustomNavigationBarView.swift */; };
		933C0E4B2A9A7A2C00356B40 /* CustomNavigationBarView.xib in Resources */ = {isa = PBXBuildFile; fileRef = 933C0E4A2A9A7A2C00356B40 /* CustomNavigationBarView.xib */; };
		93B56AE52A9AC23900BA84B5 /* SummaryPersonnelModel.swift in Sources */ = {isa = PBXBuildFile; fileRef = 93B56AE42A9AC23900BA84B5 /* SummaryPersonnelModel.swift */; };
		93B56AE92A9AC28100BA84B5 /* SummaryEquipmentModel.swift in Sources */ = {isa = PBXBuildFile; fileRef = 93B56AE82A9AC28100BA84B5 /* SummaryEquipmentModel.swift */; };
		93B56AF22A9AC44500BA84B5 /* OptionalReportParameters.swift in Sources */ = {isa = PBXBuildFile; fileRef = 93B56AF12A9AC44500BA84B5 /* OptionalReportParameters.swift */; };
		93B56AF62A9ACD8700BA84B5 /* SummaryEquipment.swift in Sources */ = {isa = PBXBuildFile; fileRef = 93B56AF52A9ACD8700BA84B5 /* SummaryEquipment.swift */; };
		93B56AF82A9ACD9900BA84B5 /* SummaryPersonnel.swift in Sources */ = {isa = PBXBuildFile; fileRef = 93B56AF72A9ACD9900BA84B5 /* SummaryPersonnel.swift */; };
		93B56AFB2A9ACE2F00BA84B5 /* SummaryModel.swift in Sources */ = {isa = PBXBuildFile; fileRef = 93B56AFA2A9ACE2F00BA84B5 /* SummaryModel.swift */; };
		93B56AFD2A9ACE6300BA84B5 /* SummaryDataFetcher.swift in Sources */ = {isa = PBXBuildFile; fileRef = 93B56AFC2A9ACE6300BA84B5 /* SummaryDataFetcher.swift */; };
		93B56AFF2A9ACFDF00BA84B5 /* SummaryDataParser.swift in Sources */ = {isa = PBXBuildFile; fileRef = 93B56AFE2A9ACFDF00BA84B5 /* SummaryDataParser.swift */; };
		93B56B052A9AD1E200BA84B5 /* Const.swift in Sources */ = {isa = PBXBuildFile; fileRef = 93B56B042A9AD1E200BA84B5 /* Const.swift */; };
		93B56B082A9ADE0800BA84B5 /* String+Extension.swift in Sources */ = {isa = PBXBuildFile; fileRef = 93B56B072A9ADE0800BA84B5 /* String+Extension.swift */; };
		93B56B0B2A9AECBC00BA84B5 /* WarDataDetailsViewController.swift in Sources */ = {isa = PBXBuildFile; fileRef = 93B56B092A9AECBC00BA84B5 /* WarDataDetailsViewController.swift */; };
		93B56B0C2A9AECBC00BA84B5 /* WarDataDetailsViewController.xib in Resources */ = {isa = PBXBuildFile; fileRef = 93B56B0A2A9AECBC00BA84B5 /* WarDataDetailsViewController.xib */; };
		93B56B0F2A9AF23900BA84B5 /* SectionsOfDetailsScreen.swift in Sources */ = {isa = PBXBuildFile; fileRef = 93B56B0E2A9AF23900BA84B5 /* SectionsOfDetailsScreen.swift */; };
		93B56B112A9AF66A00BA84B5 /* Screen.swift in Sources */ = {isa = PBXBuildFile; fileRef = 93B56B102A9AF66A00BA84B5 /* Screen.swift */; };
/* End PBXBuildFile section */

/* Begin PBXFileReference section */
		9324EDAD2A991B3300338913 /* WarDataMonitor.app */ = {isa = PBXFileReference; explicitFileType = wrapper.application; includeInIndex = 0; path = WarDataMonitor.app; sourceTree = BUILT_PRODUCTS_DIR; };
		9324EDB02A991B3300338913 /* AppDelegate.swift */ = {isa = PBXFileReference; lastKnownFileType = sourcecode.swift; path = AppDelegate.swift; sourceTree = "<group>"; };
		9324EDB22A991B3300338913 /* SceneDelegate.swift */ = {isa = PBXFileReference; lastKnownFileType = sourcecode.swift; path = SceneDelegate.swift; sourceTree = "<group>"; };
		9324EDB42A991B3300338913 /* BaseViewController.swift */ = {isa = PBXFileReference; lastKnownFileType = sourcecode.swift; path = BaseViewController.swift; sourceTree = "<group>"; };
		9324EDB92A991B3500338913 /* Assets.xcassets */ = {isa = PBXFileReference; lastKnownFileType = folder.assetcatalog; path = Assets.xcassets; sourceTree = "<group>"; };
		9324EDBC2A991B3500338913 /* Base */ = {isa = PBXFileReference; lastKnownFileType = file.storyboard; name = Base; path = Base.lproj/LaunchScreen.storyboard; sourceTree = "<group>"; };
		9324EDBE2A991B3500338913 /* Info.plist */ = {isa = PBXFileReference; lastKnownFileType = text.plist.xml; name = Info.plist; path = WarDataMonitor/Application/Info.plist; sourceTree = SOURCE_ROOT; };
		933C0E3A2A9A6FC200356B40 /* WarDataListViewController.xib */ = {isa = PBXFileReference; lastKnownFileType = file.xib; path = WarDataListViewController.xib; sourceTree = "<group>"; };
		933C0E3C2A9A704A00356B40 /* WarDataListViewController.swift */ = {isa = PBXFileReference; lastKnownFileType = sourcecode.swift; path = WarDataListViewController.swift; sourceTree = "<group>"; };
		933C0E432A9A730300356B40 /* WarDataListTableViewCell.swift */ = {isa = PBXFileReference; lastKnownFileType = sourcecode.swift; path = WarDataListTableViewCell.swift; sourceTree = "<group>"; };
		933C0E442A9A730300356B40 /* WarDataListTableViewCell.xib */ = {isa = PBXFileReference; lastKnownFileType = file.xib; path = WarDataListTableViewCell.xib; sourceTree = "<group>"; };
		933C0E482A9A7A1400356B40 /* CustomNavigationBarView.swift */ = {isa = PBXFileReference; lastKnownFileType = sourcecode.swift; path = CustomNavigationBarView.swift; sourceTree = "<group>"; };
		933C0E4A2A9A7A2C00356B40 /* CustomNavigationBarView.xib */ = {isa = PBXFileReference; lastKnownFileType = file.xib; path = CustomNavigationBarView.xib; sourceTree = "<group>"; };
		93B56AE42A9AC23900BA84B5 /* SummaryPersonnelModel.swift */ = {isa = PBXFileReference; lastKnownFileType = sourcecode.swift; path = SummaryPersonnelModel.swift; sourceTree = "<group>"; };
		93B56AE82A9AC28100BA84B5 /* SummaryEquipmentModel.swift */ = {isa = PBXFileReference; lastKnownFileType = sourcecode.swift; path = SummaryEquipmentModel.swift; sourceTree = "<group>"; };
		93B56AF12A9AC44500BA84B5 /* OptionalReportParameters.swift */ = {isa = PBXFileReference; lastKnownFileType = sourcecode.swift; path = OptionalReportParameters.swift; sourceTree = "<group>"; };
		93B56AF52A9ACD8700BA84B5 /* SummaryEquipment.swift */ = {isa = PBXFileReference; lastKnownFileType = sourcecode.swift; path = SummaryEquipment.swift; sourceTree = "<group>"; };
		93B56AF72A9ACD9900BA84B5 /* SummaryPersonnel.swift */ = {isa = PBXFileReference; lastKnownFileType = sourcecode.swift; path = SummaryPersonnel.swift; sourceTree = "<group>"; };
		93B56AFA2A9ACE2F00BA84B5 /* SummaryModel.swift */ = {isa = PBXFileReference; lastKnownFileType = sourcecode.swift; path = SummaryModel.swift; sourceTree = "<group>"; };
		93B56AFC2A9ACE6300BA84B5 /* SummaryDataFetcher.swift */ = {isa = PBXFileReference; lastKnownFileType = sourcecode.swift; path = SummaryDataFetcher.swift; sourceTree = "<group>"; };
		93B56AFE2A9ACFDF00BA84B5 /* SummaryDataParser.swift */ = {isa = PBXFileReference; lastKnownFileType = sourcecode.swift; path = SummaryDataParser.swift; sourceTree = "<group>"; };
		93B56B042A9AD1E200BA84B5 /* Const.swift */ = {isa = PBXFileReference; lastKnownFileType = sourcecode.swift; path = Const.swift; sourceTree = "<group>"; };
		93B56B072A9ADE0800BA84B5 /* String+Extension.swift */ = {isa = PBXFileReference; lastKnownFileType = sourcecode.swift; path = "String+Extension.swift"; sourceTree = "<group>"; };
		93B56B092A9AECBC00BA84B5 /* WarDataDetailsViewController.swift */ = {isa = PBXFileReference; lastKnownFileType = sourcecode.swift; path = WarDataDetailsViewController.swift; sourceTree = "<group>"; };
		93B56B0A2A9AECBC00BA84B5 /* WarDataDetailsViewController.xib */ = {isa = PBXFileReference; lastKnownFileType = file.xib; path = WarDataDetailsViewController.xib; sourceTree = "<group>"; };
		93B56B0E2A9AF23900BA84B5 /* SectionsOfDetailsScreen.swift */ = {isa = PBXFileReference; lastKnownFileType = sourcecode.swift; path = SectionsOfDetailsScreen.swift; sourceTree = "<group>"; };
		93B56B102A9AF66A00BA84B5 /* Screen.swift */ = {isa = PBXFileReference; lastKnownFileType = sourcecode.swift; path = Screen.swift; sourceTree = "<group>"; };
/* End PBXFileReference section */

/* Begin PBXFrameworksBuildPhase section */
		9324EDAA2A991B3300338913 /* Frameworks */ = {
			isa = PBXFrameworksBuildPhase;
			buildActionMask = 2147483647;
			files = (
			);
			runOnlyForDeploymentPostprocessing = 0;
		};
/* End PBXFrameworksBuildPhase section */

/* Begin PBXGroup section */
		9324EDA42A991B3300338913 = {
			isa = PBXGroup;
			children = (
				9324EDAF2A991B3300338913 /* WarDataMonitor */,
				9324EDAE2A991B3300338913 /* Products */,
			);
			sourceTree = "<group>";
		};
		9324EDAE2A991B3300338913 /* Products */ = {
			isa = PBXGroup;
			children = (
				9324EDAD2A991B3300338913 /* WarDataMonitor.app */,
			);
			name = Products;
			sourceTree = "<group>";
		};
		9324EDAF2A991B3300338913 /* WarDataMonitor */ = {
			isa = PBXGroup;
			children = (
				93B56B022A9AD1C600BA84B5 /* Utils */,
				9324EDC62A9A694400338913 /* Modules */,
				9324EDC52A9A692D00338913 /* Resources */,
				9324EDC42A9A691A00338913 /* Application */,
			);
			path = WarDataMonitor;
			sourceTree = "<group>";
		};
		9324EDC42A9A691A00338913 /* Application */ = {
			isa = PBXGroup;
			children = (
				9324EDBE2A991B3500338913 /* Info.plist */,
				9324EDB02A991B3300338913 /* AppDelegate.swift */,
				9324EDB22A991B3300338913 /* SceneDelegate.swift */,
			);
			path = Application;
			sourceTree = "<group>";
		};
		9324EDC52A9A692D00338913 /* Resources */ = {
			isa = PBXGroup;
			children = (
				9324EDB92A991B3500338913 /* Assets.xcassets */,
			);
			path = Resources;
			sourceTree = "<group>";
		};
		9324EDC62A9A694400338913 /* Modules */ = {
			isa = PBXGroup;
			children = (
				933C0E372A9A6EC700356B40 /* WarDataListElementDetails */,
				933C0E362A9A6EBB00356B40 /* WarDataList */,
				9324EDC82A9A695C00338913 /* LaunchScreen */,
				9324EDC72A9A695200338913 /* Base */,
			);
			path = Modules;
			sourceTree = "<group>";
		};
		9324EDC72A9A695200338913 /* Base */ = {
			isa = PBXGroup;
			children = (
				9324EDB42A991B3300338913 /* BaseViewController.swift */,
				933C0E482A9A7A1400356B40 /* CustomNavigationBarView.swift */,
				933C0E4A2A9A7A2C00356B40 /* CustomNavigationBarView.xib */,
				93B56B102A9AF66A00BA84B5 /* Screen.swift */,
			);
			path = Base;
			sourceTree = "<group>";
		};
		9324EDC82A9A695C00338913 /* LaunchScreen */ = {
			isa = PBXGroup;
			children = (
				9324EDBB2A991B3500338913 /* LaunchScreen.storyboard */,
			);
			path = LaunchScreen;
			sourceTree = "<group>";
		};
		933C0E362A9A6EBB00356B40 /* WarDataList */ = {
			isa = PBXGroup;
			children = (
				933C0E472A9A74E700356B40 /* Model */,
				933C0E3E2A9A721000356B40 /* Cell */,
				933C0E392A9A6F8100356B40 /* ViewController */,
			);
			path = WarDataList;
			sourceTree = "<group>";
		};
		933C0E372A9A6EC700356B40 /* WarDataListElementDetails */ = {
			isa = PBXGroup;
			children = (
				93B56B0D2A9AF1ED00BA84B5 /* Model */,
				933C0E382A9A6F6F00356B40 /* ViewController */,
			);
			path = WarDataListElementDetails;
			sourceTree = "<group>";
		};
		933C0E382A9A6F6F00356B40 /* ViewController */ = {
			isa = PBXGroup;
			children = (
				93B56B092A9AECBC00BA84B5 /* WarDataDetailsViewController.swift */,
				93B56B0A2A9AECBC00BA84B5 /* WarDataDetailsViewController.xib */,
			);
			path = ViewController;
			sourceTree = "<group>";
		};
		933C0E392A9A6F8100356B40 /* ViewController */ = {
			isa = PBXGroup;
			children = (
				933C0E3A2A9A6FC200356B40 /* WarDataListViewController.xib */,
				933C0E3C2A9A704A00356B40 /* WarDataListViewController.swift */,
			);
			path = ViewController;
			sourceTree = "<group>";
		};
		933C0E3E2A9A721000356B40 /* Cell */ = {
			isa = PBXGroup;
			children = (
				933C0E432A9A730300356B40 /* WarDataListTableViewCell.swift */,
				933C0E442A9A730300356B40 /* WarDataListTableViewCell.xib */,
			);
			path = Cell;
			sourceTree = "<group>";
		};
		933C0E472A9A74E700356B40 /* Model */ = {
			isa = PBXGroup;
			children = (
				93B56AF42A9ACD6900BA84B5 /* ModelForApplicationUsage */,
				93B56AF32A9ACD3B00BA84B5 /* ModelForFetching */,
				93B56AFA2A9ACE2F00BA84B5 /* SummaryModel.swift */,
				93B56AFC2A9ACE6300BA84B5 /* SummaryDataFetcher.swift */,
				93B56AFE2A9ACFDF00BA84B5 /* SummaryDataParser.swift */,
			);
			path = Model;
			sourceTree = "<group>";
		};
		93B56AEA2A9AC2A700BA84B5 /* OptionalReportParameters */ = {
			isa = PBXGroup;
			children = (
				93B56AF12A9AC44500BA84B5 /* OptionalReportParameters.swift */,
			);
			path = OptionalReportParameters;
			sourceTree = "<group>";
		};
		93B56AF32A9ACD3B00BA84B5 /* ModelForFetching */ = {
			isa = PBXGroup;
			children = (
				93B56AEA2A9AC2A700BA84B5 /* OptionalReportParameters */,
				93B56AE42A9AC23900BA84B5 /* SummaryPersonnelModel.swift */,
				93B56AE82A9AC28100BA84B5 /* SummaryEquipmentModel.swift */,
			);
			path = ModelForFetching;
			sourceTree = "<group>";
		};
		93B56AF42A9ACD6900BA84B5 /* ModelForApplicationUsage */ = {
			isa = PBXGroup;
			children = (
				93B56AF52A9ACD8700BA84B5 /* SummaryEquipment.swift */,
				93B56AF72A9ACD9900BA84B5 /* SummaryPersonnel.swift */,
			);
			path = ModelForApplicationUsage;
			sourceTree = "<group>";
		};
		93B56B022A9AD1C600BA84B5 /* Utils */ = {
			isa = PBXGroup;
			children = (
				93B56B062A9ADDEF00BA84B5 /* Extensions */,
				93B56B032A9AD1CF00BA84B5 /* Const */,
			);
			path = Utils;
			sourceTree = "<group>";
		};
		93B56B032A9AD1CF00BA84B5 /* Const */ = {
			isa = PBXGroup;
			children = (
				93B56B042A9AD1E200BA84B5 /* Const.swift */,
			);
			path = Const;
			sourceTree = "<group>";
		};
		93B56B062A9ADDEF00BA84B5 /* Extensions */ = {
			isa = PBXGroup;
			children = (
				93B56B072A9ADE0800BA84B5 /* String+Extension.swift */,
			);
			path = Extensions;
			sourceTree = "<group>";
		};
		93B56B0D2A9AF1ED00BA84B5 /* Model */ = {
			isa = PBXGroup;
			children = (
				93B56B0E2A9AF23900BA84B5 /* SectionsOfDetailsScreen.swift */,
			);
			path = Model;
			sourceTree = "<group>";
		};
/* End PBXGroup section */

/* Begin PBXNativeTarget section */
		9324EDAC2A991B3300338913 /* WarDataMonitor */ = {
			isa = PBXNativeTarget;
			buildConfigurationList = 9324EDC12A991B3500338913 /* Build configuration list for PBXNativeTarget "WarDataMonitor" */;
			buildPhases = (
				9324EDA92A991B3300338913 /* Sources */,
				9324EDAA2A991B3300338913 /* Frameworks */,
				9324EDAB2A991B3300338913 /* Resources */,
			);
			buildRules = (
			);
			dependencies = (
			);
			name = WarDataMonitor;
			productName = WarDataMonitor;
			productReference = 9324EDAD2A991B3300338913 /* WarDataMonitor.app */;
			productType = "com.apple.product-type.application";
		};
/* End PBXNativeTarget section */

/* Begin PBXProject section */
		9324EDA52A991B3300338913 /* Project object */ = {
			isa = PBXProject;
			attributes = {
				BuildIndependentTargetsInParallel = 1;
				LastSwiftUpdateCheck = 1430;
				LastUpgradeCheck = 1430;
				TargetAttributes = {
					9324EDAC2A991B3300338913 = {
						CreatedOnToolsVersion = 14.3.1;
					};
				};
			};
			buildConfigurationList = 9324EDA82A991B3300338913 /* Build configuration list for PBXProject "WarDataMonitor" */;
			compatibilityVersion = "Xcode 14.0";
			developmentRegion = en;
			hasScannedForEncodings = 0;
			knownRegions = (
				en,
				Base,
			);
			mainGroup = 9324EDA42A991B3300338913;
			productRefGroup = 9324EDAE2A991B3300338913 /* Products */;
			projectDirPath = "";
			projectRoot = "";
			targets = (
				9324EDAC2A991B3300338913 /* WarDataMonitor */,
			);
		};
/* End PBXProject section */

/* Begin PBXResourcesBuildPhase section */
		9324EDAB2A991B3300338913 /* Resources */ = {
			isa = PBXResourcesBuildPhase;
			buildActionMask = 2147483647;
			files = (
				933C0E4B2A9A7A2C00356B40 /* CustomNavigationBarView.xib in Resources */,
				933C0E462A9A730300356B40 /* WarDataListTableViewCell.xib in Resources */,
				93B56B0C2A9AECBC00BA84B5 /* WarDataDetailsViewController.xib in Resources */,
				9324EDBD2A991B3500338913 /* LaunchScreen.storyboard in Resources */,
				933C0E3B2A9A6FC200356B40 /* WarDataListViewController.xib in Resources */,
				9324EDBA2A991B3500338913 /* Assets.xcassets in Resources */,
			);
			runOnlyForDeploymentPostprocessing = 0;
		};
/* End PBXResourcesBuildPhase section */

/* Begin PBXSourcesBuildPhase section */
		9324EDA92A991B3300338913 /* Sources */ = {
			isa = PBXSourcesBuildPhase;
			buildActionMask = 2147483647;
			files = (
				93B56B082A9ADE0800BA84B5 /* String+Extension.swift in Sources */,
				93B56AFD2A9ACE6300BA84B5 /* SummaryDataFetcher.swift in Sources */,
				93B56AE92A9AC28100BA84B5 /* SummaryEquipmentModel.swift in Sources */,
				93B56AF62A9ACD8700BA84B5 /* SummaryEquipment.swift in Sources */,
				93B56AFF2A9ACFDF00BA84B5 /* SummaryDataParser.swift in Sources */,
				9324EDB52A991B3300338913 /* BaseViewController.swift in Sources */,
				933C0E3D2A9A704B00356B40 /* WarDataListViewController.swift in Sources */,
				933C0E452A9A730300356B40 /* WarDataListTableViewCell.swift in Sources */,
				93B56B112A9AF66A00BA84B5 /* Screen.swift in Sources */,
				9324EDB12A991B3300338913 /* AppDelegate.swift in Sources */,
				93B56B0F2A9AF23900BA84B5 /* SectionsOfDetailsScreen.swift in Sources */,
				93B56AF22A9AC44500BA84B5 /* OptionalReportParameters.swift in Sources */,
				9324EDB32A991B3300338913 /* SceneDelegate.swift in Sources */,
				93B56AFB2A9ACE2F00BA84B5 /* SummaryModel.swift in Sources */,
				933C0E492A9A7A1400356B40 /* CustomNavigationBarView.swift in Sources */,
				93B56B052A9AD1E200BA84B5 /* Const.swift in Sources */,
				93B56AE52A9AC23900BA84B5 /* SummaryPersonnelModel.swift in Sources */,
				93B56B0B2A9AECBC00BA84B5 /* WarDataDetailsViewController.swift in Sources */,
				93B56AF82A9ACD9900BA84B5 /* SummaryPersonnel.swift in Sources */,
			);
			runOnlyForDeploymentPostprocessing = 0;
		};
/* End PBXSourcesBuildPhase section */

/* Begin PBXVariantGroup section */
		9324EDBB2A991B3500338913 /* LaunchScreen.storyboard */ = {
			isa = PBXVariantGroup;
			children = (
				9324EDBC2A991B3500338913 /* Base */,
			);
			name = LaunchScreen.storyboard;
			sourceTree = "<group>";
		};
/* End PBXVariantGroup section */

/* Begin XCBuildConfiguration section */
		9324EDBF2A991B3500338913 /* Debug */ = {
			isa = XCBuildConfiguration;
			buildSettings = {
				ALWAYS_SEARCH_USER_PATHS = NO;
				CLANG_ANALYZER_NONNULL = YES;
				CLANG_ANALYZER_NUMBER_OBJECT_CONVERSION = YES_AGGRESSIVE;
				CLANG_CXX_LANGUAGE_STANDARD = "gnu++20";
				CLANG_ENABLE_MODULES = YES;
				CLANG_ENABLE_OBJC_ARC = YES;
				CLANG_ENABLE_OBJC_WEAK = YES;
				CLANG_WARN_BLOCK_CAPTURE_AUTORELEASING = YES;
				CLANG_WARN_BOOL_CONVERSION = YES;
				CLANG_WARN_COMMA = YES;
				CLANG_WARN_CONSTANT_CONVERSION = YES;
				CLANG_WARN_DEPRECATED_OBJC_IMPLEMENTATIONS = YES;
				CLANG_WARN_DIRECT_OBJC_ISA_USAGE = YES_ERROR;
				CLANG_WARN_DOCUMENTATION_COMMENTS = YES;
				CLANG_WARN_EMPTY_BODY = YES;
				CLANG_WARN_ENUM_CONVERSION = YES;
				CLANG_WARN_INFINITE_RECURSION = YES;
				CLANG_WARN_INT_CONVERSION = YES;
				CLANG_WARN_NON_LITERAL_NULL_CONVERSION = YES;
				CLANG_WARN_OBJC_IMPLICIT_RETAIN_SELF = YES;
				CLANG_WARN_OBJC_LITERAL_CONVERSION = YES;
				CLANG_WARN_OBJC_ROOT_CLASS = YES_ERROR;
				CLANG_WARN_QUOTED_INCLUDE_IN_FRAMEWORK_HEADER = YES;
				CLANG_WARN_RANGE_LOOP_ANALYSIS = YES;
				CLANG_WARN_STRICT_PROTOTYPES = YES;
				CLANG_WARN_SUSPICIOUS_MOVE = YES;
				CLANG_WARN_UNGUARDED_AVAILABILITY = YES_AGGRESSIVE;
				CLANG_WARN_UNREACHABLE_CODE = YES;
				CLANG_WARN__DUPLICATE_METHOD_MATCH = YES;
				COPY_PHASE_STRIP = NO;
				DEBUG_INFORMATION_FORMAT = dwarf;
				ENABLE_STRICT_OBJC_MSGSEND = YES;
				ENABLE_TESTABILITY = YES;
				GCC_C_LANGUAGE_STANDARD = gnu11;
				GCC_DYNAMIC_NO_PIC = NO;
				GCC_NO_COMMON_BLOCKS = YES;
				GCC_OPTIMIZATION_LEVEL = 0;
				GCC_PREPROCESSOR_DEFINITIONS = (
					"DEBUG=1",
					"$(inherited)",
				);
				GCC_WARN_64_TO_32_BIT_CONVERSION = YES;
				GCC_WARN_ABOUT_RETURN_TYPE = YES_ERROR;
				GCC_WARN_UNDECLARED_SELECTOR = YES;
				GCC_WARN_UNINITIALIZED_AUTOS = YES_AGGRESSIVE;
				GCC_WARN_UNUSED_FUNCTION = YES;
				GCC_WARN_UNUSED_VARIABLE = YES;
				INFOPLIST_FILE = WarDataMonitor/Application/Info.plist;
				IPHONEOS_DEPLOYMENT_TARGET = 16.4;
				MTL_ENABLE_DEBUG_INFO = INCLUDE_SOURCE;
				MTL_FAST_MATH = YES;
				ONLY_ACTIVE_ARCH = YES;
				SDKROOT = iphoneos;
				SWIFT_ACTIVE_COMPILATION_CONDITIONS = DEBUG;
				SWIFT_OPTIMIZATION_LEVEL = "-Onone";
			};
			name = Debug;
		};
		9324EDC02A991B3500338913 /* Release */ = {
			isa = XCBuildConfiguration;
			buildSettings = {
				ALWAYS_SEARCH_USER_PATHS = NO;
				CLANG_ANALYZER_NONNULL = YES;
				CLANG_ANALYZER_NUMBER_OBJECT_CONVERSION = YES_AGGRESSIVE;
				CLANG_CXX_LANGUAGE_STANDARD = "gnu++20";
				CLANG_ENABLE_MODULES = YES;
				CLANG_ENABLE_OBJC_ARC = YES;
				CLANG_ENABLE_OBJC_WEAK = YES;
				CLANG_WARN_BLOCK_CAPTURE_AUTORELEASING = YES;
				CLANG_WARN_BOOL_CONVERSION = YES;
				CLANG_WARN_COMMA = YES;
				CLANG_WARN_CONSTANT_CONVERSION = YES;
				CLANG_WARN_DEPRECATED_OBJC_IMPLEMENTATIONS = YES;
				CLANG_WARN_DIRECT_OBJC_ISA_USAGE = YES_ERROR;
				CLANG_WARN_DOCUMENTATION_COMMENTS = YES;
				CLANG_WARN_EMPTY_BODY = YES;
				CLANG_WARN_ENUM_CONVERSION = YES;
				CLANG_WARN_INFINITE_RECURSION = YES;
				CLANG_WARN_INT_CONVERSION = YES;
				CLANG_WARN_NON_LITERAL_NULL_CONVERSION = YES;
				CLANG_WARN_OBJC_IMPLICIT_RETAIN_SELF = YES;
				CLANG_WARN_OBJC_LITERAL_CONVERSION = YES;
				CLANG_WARN_OBJC_ROOT_CLASS = YES_ERROR;
				CLANG_WARN_QUOTED_INCLUDE_IN_FRAMEWORK_HEADER = YES;
				CLANG_WARN_RANGE_LOOP_ANALYSIS = YES;
				CLANG_WARN_STRICT_PROTOTYPES = YES;
				CLANG_WARN_SUSPICIOUS_MOVE = YES;
				CLANG_WARN_UNGUARDED_AVAILABILITY = YES_AGGRESSIVE;
				CLANG_WARN_UNREACHABLE_CODE = YES;
				CLANG_WARN__DUPLICATE_METHOD_MATCH = YES;
				COPY_PHASE_STRIP = NO;
				DEBUG_INFORMATION_FORMAT = "dwarf-with-dsym";
				ENABLE_NS_ASSERTIONS = NO;
				ENABLE_STRICT_OBJC_MSGSEND = YES;
				GCC_C_LANGUAGE_STANDARD = gnu11;
				GCC_NO_COMMON_BLOCKS = YES;
				GCC_WARN_64_TO_32_BIT_CONVERSION = YES;
				GCC_WARN_ABOUT_RETURN_TYPE = YES_ERROR;
				GCC_WARN_UNDECLARED_SELECTOR = YES;
				GCC_WARN_UNINITIALIZED_AUTOS = YES_AGGRESSIVE;
				GCC_WARN_UNUSED_FUNCTION = YES;
				GCC_WARN_UNUSED_VARIABLE = YES;
				INFOPLIST_FILE = WarDataMonitor/Application/Info.plist;
				IPHONEOS_DEPLOYMENT_TARGET = 16.4;
				MTL_ENABLE_DEBUG_INFO = NO;
				MTL_FAST_MATH = YES;
				SDKROOT = iphoneos;
				SWIFT_COMPILATION_MODE = wholemodule;
				SWIFT_OPTIMIZATION_LEVEL = "-O";
				VALIDATE_PRODUCT = YES;
			};
			name = Release;
		};
		9324EDC22A991B3500338913 /* Debug */ = {
			isa = XCBuildConfiguration;
			buildSettings = {
				ASSETCATALOG_COMPILER_APPICON_NAME = AppIcon;
				ASSETCATALOG_COMPILER_GLOBAL_ACCENT_COLOR_NAME = AccentColor;
				CODE_SIGN_STYLE = Automatic;
				CURRENT_PROJECT_VERSION = 1;
				DEVELOPMENT_TEAM = 57CXKABA7X;
				GENERATE_INFOPLIST_FILE = YES;
				INFOPLIST_FILE = WarDataMonitor/Application/Info.plist;
				INFOPLIST_KEY_UIApplicationSupportsIndirectInputEvents = YES;
				INFOPLIST_KEY_UILaunchStoryboardName = LaunchScreen;
				INFOPLIST_KEY_UISupportedInterfaceOrientations_iPad = "UIInterfaceOrientationPortrait UIInterfaceOrientationPortraitUpsideDown UIInterfaceOrientationLandscapeLeft UIInterfaceOrientationLandscapeRight";
				INFOPLIST_KEY_UISupportedInterfaceOrientations_iPhone = "UIInterfaceOrientationPortrait UIInterfaceOrientationLandscapeLeft UIInterfaceOrientationLandscapeRight";
				LD_RUNPATH_SEARCH_PATHS = (
					"$(inherited)",
					"@executable_path/Frameworks",
				);
				MARKETING_VERSION = 1.0;
				PRODUCT_BUNDLE_IDENTIFIER = com.hetman.WarDataMonitor;
				PRODUCT_NAME = "$(TARGET_NAME)";
				SWIFT_EMIT_LOC_STRINGS = YES;
				SWIFT_VERSION = 5.0;
				TARGETED_DEVICE_FAMILY = "1,2";
			};
			name = Debug;
		};
		9324EDC32A991B3500338913 /* Release */ = {
			isa = XCBuildConfiguration;
			buildSettings = {
				ASSETCATALOG_COMPILER_APPICON_NAME = AppIcon;
				ASSETCATALOG_COMPILER_GLOBAL_ACCENT_COLOR_NAME = AccentColor;
				CODE_SIGN_STYLE = Automatic;
				CURRENT_PROJECT_VERSION = 1;
				DEVELOPMENT_TEAM = 57CXKABA7X;
				GENERATE_INFOPLIST_FILE = YES;
				INFOPLIST_FILE = WarDataMonitor/Application/Info.plist;
				INFOPLIST_KEY_UIApplicationSupportsIndirectInputEvents = YES;
				INFOPLIST_KEY_UILaunchStoryboardName = LaunchScreen;
				INFOPLIST_KEY_UISupportedInterfaceOrientations_iPad = "UIInterfaceOrientationPortrait UIInterfaceOrientationPortraitUpsideDown UIInterfaceOrientationLandscapeLeft UIInterfaceOrientationLandscapeRight";
				INFOPLIST_KEY_UISupportedInterfaceOrientations_iPhone = "UIInterfaceOrientationPortrait UIInterfaceOrientationLandscapeLeft UIInterfaceOrientationLandscapeRight";
				LD_RUNPATH_SEARCH_PATHS = (
					"$(inherited)",
					"@executable_path/Frameworks",
				);
				MARKETING_VERSION = 1.0;
				PRODUCT_BUNDLE_IDENTIFIER = com.hetman.WarDataMonitor;
				PRODUCT_NAME = "$(TARGET_NAME)";
				SWIFT_EMIT_LOC_STRINGS = YES;
				SWIFT_VERSION = 5.0;
				TARGETED_DEVICE_FAMILY = "1,2";
			};
			name = Release;
		};
/* End XCBuildConfiguration section */

/* Begin XCConfigurationList section */
		9324EDA82A991B3300338913 /* Build configuration list for PBXProject "WarDataMonitor" */ = {
			isa = XCConfigurationList;
			buildConfigurations = (
				9324EDBF2A991B3500338913 /* Debug */,
				9324EDC02A991B3500338913 /* Release */,
			);
			defaultConfigurationIsVisible = 0;
			defaultConfigurationName = Release;
		};
		9324EDC12A991B3500338913 /* Build configuration list for PBXNativeTarget "WarDataMonitor" */ = {
			isa = XCConfigurationList;
			buildConfigurations = (
				9324EDC22A991B3500338913 /* Debug */,
				9324EDC32A991B3500338913 /* Release */,
			);
			defaultConfigurationIsVisible = 0;
			defaultConfigurationName = Release;
		};
/* End XCConfigurationList section */
	};
	rootObject = 9324EDA52A991B3300338913 /* Project object */;
}
